
Microsoft Visual Studio Solution File, Format Version 12.00
# Visual Studio 15
VisualStudioVersion = 15.0.27004.2002
MinimumVisualStudioVersion = 10.0.40219.1
Project("{FAE04EC0-301F-11D3-BF4B-00C04F79EFBC}") = "Demo.CancelOperation.WebApi", "Demo.CancelOperation.WebApi\Demo.CancelOperation.WebApi.csproj", "{6E94E93C-8275-45A7-AF65-2CDE4C26E6C3}"
EndProject
Global
	GlobalSection(SolutionConfigurationPlatforms) = preSolution
		Debug|Any CPU = Debug|Any CPU
		Release|Any CPU = Release|Any CPU
	EndGlobalSection
	GlobalSection(ProjectConfigurationPlatforms) = postSolution
		{6E94E93C-8275-45A7-AF65-2CDE4C26E6C3}.Debug|Any CPU.ActiveCfg = Debug|Any CPU
		{6E94E93C-8275-45A7-AF65-2CDE4C26E6C3}.Debug|Any CPU.Build.0 = Debug|Any CPU
		{6E94E93C-8275-45A7-AF65-2CDE4C26E6C3}.Release|Any CPU.ActiveCfg = Release|Any CPU
		{6E94E93C-8275-45A7-AF65-2CDE4C26E6C3}.Release|Any CPU.Build.0 = Release|Any CPU
	EndGlobalSection
	GlobalSection(SolutionProperties) = preSolution
		HideSolutionNode = FALSE
	EndGlobalSection
	GlobalSection(ExtensibilityGlobals) = postSolution
		SolutionGuid = {BF7DEE22-9851-443B-BA74-DFA080AE308B}
	EndGlobalSection
EndGlobal
